{
  "name": "intellilab-gc",
  "version": "1.0.0",
  "lockfileVersion": 3,
  "requires": true,
  "packages": {
    "": {
      "name": "intellilab-gc",
      "version": "1.0.0",
      "license": "UNLICENSED",
      "devDependencies": {
        "glob": "^10.3.0"
      },
      "engines": {
        "node": ">=16.0.0",
        "npm": ">=8.0.0"
      }
    },
    "frontend": {
      "name": "intellilab-gc-frontend",
      "version": "1.0.0",
      "extraneous": true,
      "dependencies": {
        "@emotion/react": "^11.11.1",
        "@emotion/styled": "^11.11.0",
        "@mui/icons-material": "^5.14.16",
        "@mui/material": "^5.14.17",
        "@radix-ui/react-accordion": "^1.1.2",
        "@radix-ui/react-alert-dialog": "^1.0.5",
        "@radix-ui/react-avatar": "^1.0.4",
        "@radix-ui/react-checkbox": "^1.0.4",
        "@radix-ui/react-dialog": "^1.0.5",
        "@radix-ui/react-dropdown-menu": "^2.0.6",
        "@radix-ui/react-label": "^2.0.2",
        "@radix-ui/react-navigation-menu": "^1.1.4",
        "@radix-ui/react-popover": "^1.0.7",
        "@radix-ui/react-progress": "^1.0.3",
        "@radix-ui/react-radio-group": "^1.1.3",
        "@radix-ui/react-scroll-area": "^1.0.5",
        "@radix-ui/react-select": "^2.0.0",
        "@radix-ui/react-separator": "^1.0.3",
        "@radix-ui/react-slider": "^1.1.2",
        "@radix-ui/react-slot": "^1.0.2",
        "@radix-ui/react-switch": "^1.0.3",
        "@radix-ui/react-tabs": "^1.0.4",
        "@radix-ui/react-toast": "^1.1.5",
        "@radix-ui/react-toggle": "^1.0.3",
        "@radix-ui/react-tooltip": "^1.0.7",
        "@types/d3": "^7.4.3",
        "axios": "^1.6.0",
        "chart.js": "^4.5.0",
        "chartjs-adapter-date-fns": "^2.0.1",
        "class-variance-authority": "^0.7.0",
        "clsx": "^2.0.0",
        "cmdk": "^0.2.0",
        "d3": "^7.9.0",
        "date-fns": "^2.30.0",
        "framer-motion": "^10.16.4",
        "plotly.js": "^3.1.0",
        "react": "^18.2.0",
        "react-chartjs-2": "^5.3.0",
        "react-dom": "^18.2.0",
        "react-plotly.js": "^2.6.0",
        "react-router-dom": "^6.17.0",
        "react-scripts": "^5.0.1",
        "recharts": "^2.8.0",
        "tailwind-merge": "^2.0.0",
        "tailwindcss-animate": "^1.0.7",
        "typescript": "^4.9.5"
      },
      "devDependencies": {
        "@fontsource/inter": "^5.2.6",
        "@playwright/test": "^1.55.0",
        "@shadcn/ui": "^0.0.4",
        "@testing-library/jest-dom": "^6.7.0",
        "@testing-library/react": "^16.3.0",
        "@types/node": "^24.3.0",
        "@types/react": "^18.3.24",
        "@types/react-dom": "^18.3.7",
        "@vitejs/plugin-react": "^5.0.1",
        "autoprefixer": "^10.4.21",
        "jsdom": "^26.1.0",
        "lucide-react": "^0.544.0",
        "playwright": "^1.55.0",
        "postcss": "^8.5.6",
        "puppeteer": "^21.5.0",
        "tailwindcss": "^3.4.17",
        "vitest": "^3.2.4"
      }
    },
    "node_modules/@isaacs/cliui": {
      "version": "8.0.2",
      "dev": true,
      "license": "ISC",
      "dependencies": {
        "string-width": "^5.1.2",
        "string-width-cjs": "npm:string-width@^4.2.0",
        "strip-ansi": "^7.0.1",
        "strip-ansi-cjs": "npm:strip-ansi@^6.0.1",
        "wrap-ansi": "^8.1.0",
        "wrap-ansi-cjs": "npm:wrap-ansi@^7.0.0"
      },
      "engines": {
        "node": ">=12"
      }
    },
    "node_modules/@isaacs/cliui/node_modules/ansi-styles": {
      "version": "6.2.3",
      "dev": true,
      "license": "MIT",
      "engines": {
        "node": ">=12"
      },
      "funding": {
        "url": "https://github.com/chalk/ansi-styles?sponsor=1"
      }
    },
    "node_modules/@isaacs/cliui/node_modules/string-width": {
      "version": "5.1.2",
      "dev": true,
      "license": "MIT",
      "dependencies": {
        "eastasianwidth": "^0.2.0",
        "emoji-regex": "^9.2.2",
        "strip-ansi": "^7.0.1"
      },
      "engines": {
        "node": ">=12"
      },
      "funding": {
        "url": "https://github.com/sponsors/sindresorhus"
      }
    },
    "node_modules/@isaacs/cliui/node_modules/wrap-ansi": {
      "version": "8.1.0",
      "dev": true,
      "license": "MIT",
      "dependencies": {
        "ansi-styles": "^6.1.0",
        "string-width": "^5.0.1",
        "strip-ansi": "^7.0.1"
      },
      "engines": {
        "node": ">=12"
      },
      "funding": {
        "url": "https://github.com/chalk/wrap-ansi?sponsor=1"
      }
    },
    "node_modules/@pkgjs/parseargs": {
      "version": "0.11.0",
      "dev": true,
      "license": "MIT",
      "optional": true,
      "engines": {
        "node": ">=14"
      }
    },
    "node_modules/ansi-regex": {
      "version": "5.0.1",
      "dev": true,
      "license": "MIT",
      "engines": {
        "node": ">=8"
      }
    },
    "node_modules/balanced-match": {
      "version": "1.0.2",
      "dev": true,
      "license": "MIT"
    },
    "node_modules/color-convert": {
      "version": "2.0.1",
      "dev": true,
      "license": "MIT",
      "dependencies": {
        "color-name": "~1.1.4"
      },
      "engines": {
        "node": ">=7.0.0"
      }
    },
    "node_modules/color-name": {
      "version": "1.1.4",
      "dev": true,
      "license": "MIT"
    },
    "node_modules/cross-spawn": {
      "version": "7.0.6",
      "dev": true,
      "license": "MIT",
      "dependencies": {
        "path-key": "^3.1.0",
        "shebang-command": "^2.0.0",
        "which": "^2.0.1"
      },
      "engines": {
        "node": ">= 8"
      }
    },
    "node_modules/eastasianwidth": {
      "version": "0.2.0",
      "dev": true,
      "license": "MIT"
    },
    "node_modules/emoji-regex": {
      "version": "9.2.2",
      "dev": true,
      "license": "MIT"
    },
    "node_modules/foreground-child": {
      "version": "3.3.1",
      "dev": true,
      "license": "ISC",
      "dependencies": {
        "cross-spawn": "^7.0.6",
        "signal-exit": "^4.0.1"
      },
      "engines": {
        "node": ">=14"
      },
      "funding": {
        "url": "https://github.com/sponsors/isaacs"
      }
    },
    "node_modules/foreground-child/node_modules/signal-exit": {
      "version": "4.1.0",
      "dev": true,
      "license": "ISC",
      "engines": {
        "node": ">=14"
      },
      "funding": {
        "url": "https://github.com/sponsors/isaacs"
      }
    },
    "node_modules/glob": {
      "version": "10.4.5",
      "resolved": "https://registry.npmjs.org/glob/-/glob-10.4.5.tgz",
      "integrity": "sha512-7Bv8RF0k6xjo7d4A/PxYLbUCfb6c+Vpd2/mB2yRDlew7Jb5hEXiCD9ibfO7wpk8i4sevK6DFny9h7EYbM3/sHg==",
      "dev": true,
      "license": "ISC",
      "dependencies": {
        "foreground-child": "^3.1.0",
        "jackspeak": "^3.1.2",
        "minimatch": "^9.0.4",
        "minipass": "^7.1.2",
        "package-json-from-dist": "^1.0.0",
        "path-scurry": "^1.11.1"
      },
      "bin": {
        "glob": "dist/esm/bin.mjs"
      },
      "funding": {
        "url": "https://github.com/sponsors/isaacs"
      }
    },
    "node_modules/glob/node_modules/brace-expansion": {
      "version": "2.0.2",
      "resolved": "https://registry.npmjs.org/brace-expansion/-/brace-expansion-2.0.2.tgz",
      "integrity": "sha512-Jt0vHyM+jmUBqojB7E1NIYadt0vI0Qxjxd2TErW94wDz+E2LAm5vKMXXwg6ZZBTHPuUlDgQHKXvjGBdfcF1ZDQ==",
      "dev": true,
      "license": "MIT",
      "dependencies": {
        "balanced-match": "^1.0.0"
      }
    },
    "node_modules/glob/node_modules/minimatch": {
      "version": "9.0.5",
      "resolved": "https://registry.npmjs.org/minimatch/-/minimatch-9.0.5.tgz",
      "integrity": "sha512-G6T0ZX48xgozx7587koeX9Ys2NYy6Gmv//P89sEte9V9whIapMNF4idKxnW2QtCcLiTWlb/wfCabAtAFWhhBow==",
      "dev": true,
      "license": "ISC",
      "dependencies": {
        "brace-expansion": "^2.0.1"
      },
      "engines": {
        "node": ">=16 || 14 >=14.17"
      },
      "funding": {
        "url": "https://github.com/sponsors/isaacs"
      }
    },
    "node_modules/is-fullwidth-code-point": {
      "version": "3.0.0",
      "dev": true,
      "license": "MIT",
      "engines": {
        "node": ">=8"
      }
    },
    "node_modules/isexe": {
      "version": "2.0.0",
      "dev": true,
      "license": "ISC"
    },
    "node_modules/jackspeak": {
      "version": "3.4.3",
      "dev": true,
      "license": "BlueOak-1.0.0",
      "dependencies": {
        "@isaacs/cliui": "^8.0.2"
      },
      "funding": {
        "url": "https://github.com/sponsors/isaacs"
      },
      "optionalDependencies": {
        "@pkgjs/parseargs": "^0.11.0"
      }
    },
    "node_modules/minipass": {
      "version": "7.1.2",
      "dev": true,
      "license": "ISC",
      "engines": {
        "node": ">=16 || 14 >=14.17"
      }
    },
    "node_modules/package-json-from-dist": {
      "version": "1.0.1",
      "dev": true,
      "license": "BlueOak-1.0.0"
    },
    "node_modules/path-key": {
      "version": "3.1.1",
      "dev": true,
      "license": "MIT",
      "engines": {
        "node": ">=8"
      }
    },
    "node_modules/path-scurry": {
      "version": "1.11.1",
      "dev": true,
      "license": "BlueOak-1.0.0",
      "dependencies": {
        "lru-cache": "^10.2.0",
        "minipass": "^5.0.0 || ^6.0.2 || ^7.0.0"
      },
      "engines": {
        "node": ">=16 || 14 >=14.18"
      },
      "funding": {
        "url": "https://github.com/sponsors/isaacs"
      }
    },
    "node_modules/path-scurry/node_modules/lru-cache": {
      "version": "10.4.3",
      "dev": true,
      "license": "ISC"
    },
    "node_modules/shebang-command": {
      "version": "2.0.0",
      "dev": true,
      "license": "MIT",
      "dependencies": {
        "shebang-regex": "^3.0.0"
      },
      "engines": {
        "node": ">=8"
      }
    },
    "node_modules/shebang-regex": {
      "version": "3.0.0",
      "dev": true,
      "license": "MIT",
      "engines": {
        "node": ">=8"
      }
    },
    "node_modules/string-width": {
      "version": "4.2.3",
      "dev": true,
      "license": "MIT",
      "dependencies": {
        "emoji-regex": "^8.0.0",
        "is-fullwidth-code-point": "^3.0.0",
        "strip-ansi": "^6.0.1"
      },
      "engines": {
        "node": ">=8"
      }
    },
    "node_modules/string-width-cjs": {
      "name": "string-width",
      "version": "4.2.3",
      "dev": true,
      "license": "MIT",
      "dependencies": {
        "emoji-regex": "^8.0.0",
        "is-fullwidth-code-point": "^3.0.0",
        "strip-ansi": "^6.0.1"
      },
      "engines": {
        "node": ">=8"
      }
    },
    "node_modules/string-width-cjs/node_modules/emoji-regex": {
      "version": "8.0.0",
      "dev": true,
      "license": "MIT"
    },
    "node_modules/string-width-cjs/node_modules/strip-ansi": {
      "version": "6.0.1",
      "dev": true,
      "license": "MIT",
      "dependencies": {
        "ansi-regex": "^5.0.1"
      },
      "engines": {
        "node": ">=8"
      }
    },
    "node_modules/string-width/node_modules/emoji-regex": {
      "version": "8.0.0",
      "dev": true,
      "license": "MIT"
    },
    "node_modules/string-width/node_modules/strip-ansi": {
      "version": "6.0.1",
      "dev": true,
      "license": "MIT",
      "dependencies": {
        "ansi-regex": "^5.0.1"
      },
      "engines": {
        "node": ">=8"
      }
    },
    "node_modules/strip-ansi": {
      "version": "7.1.2",
      "dev": true,
      "license": "MIT",
      "dependencies": {
        "ansi-regex": "^6.0.1"
      },
      "engines": {
        "node": ">=12"
      },
      "funding": {
        "url": "https://github.com/chalk/strip-ansi?sponsor=1"
      }
    },
    "node_modules/strip-ansi-cjs": {
      "name": "strip-ansi",
      "version": "6.0.1",
      "dev": true,
      "license": "MIT",
      "dependencies": {
        "ansi-regex": "^5.0.1"
      },
      "engines": {
        "node": ">=8"
      }
    },
    "node_modules/strip-ansi/node_modules/ansi-regex": {
      "version": "6.2.2",
      "dev": true,
      "license": "MIT",
      "engines": {
        "node": ">=12"
      },
      "funding": {
        "url": "https://github.com/chalk/ansi-regex?sponsor=1"
      }
    },
    "node_modules/which": {
      "version": "2.0.2",
      "dev": true,
      "license": "ISC",
      "dependencies": {
        "isexe": "^2.0.0"
      },
      "bin": {
        "node-which": "bin/node-which"
      },
      "engines": {
        "node": ">= 8"
      }
    },
    "node_modules/wrap-ansi-cjs": {
      "name": "wrap-ansi",
      "version": "7.0.0",
      "dev": true,
      "license": "MIT",
      "dependencies": {
        "ansi-styles": "^4.0.0",
        "string-width": "^4.1.0",
        "strip-ansi": "^6.0.0"
      },
      "engines": {
        "node": ">=10"
      },
      "funding": {
        "url": "https://github.com/chalk/wrap-ansi?sponsor=1"
      }
    },
    "node_modules/wrap-ansi-cjs/node_modules/ansi-styles": {
      "version": "4.3.0",
      "dev": true,
      "license": "MIT",
      "dependencies": {
        "color-convert": "^2.0.1"
      },
      "engines": {
        "node": ">=8"
      },
      "funding": {
        "url": "https://github.com/chalk/ansi-styles?sponsor=1"
      }
    },
    "node_modules/wrap-ansi-cjs/node_modules/strip-ansi": {
      "version": "6.0.1",
      "dev": true,
      "license": "MIT",
      "dependencies": {
        "ansi-regex": "^5.0.1"
      },
      "engines": {
        "node": ">=8"
      }
    }
  }
}
